{
  "requires": true,
  "lockfileVersion": 1,
  "dependencies": {
    "logrocket": {
      "version": "2.1.3",
      "resolved": "https://registry.npmjs.org/logrocket/-/logrocket-2.1.3.tgz",
      "integrity": "sha512-qrGyZON8EEpiFSWaiL2qM1LsgQ/ccivpMhrjGMLCrbG3uJ60YdRkgRR8bpuxkgMY3RMa8E7cpkvir0L0B/6yHg=="
    },
    "logrocket-react": {
      "version": "4.0.1",
      "resolved": "https://registry.npmjs.org/logrocket-react/-/logrocket-react-4.0.1.tgz",
      "integrity": "sha512-TbQELEaDQspKHH0XylAeVZpsHoAcz+sIEG/enUQiH+LoYLW7cMK000XIS6W3Zz14zS0V2Db+KyKi8ivBpGYkzg=="
    }
  }
}
